
Microsoft Visual Studio Solution File, Format Version 12.00
# Visual Studio Version 17
VisualStudioVersion = 17.5.002.0
MinimumVisualStudioVersion = 10.0.40219.1
Project("{2150E333-8FDC-42A3-9474-1A3956D46DE8}") = "try c#", "try c#", "{63CF481B-EE30-4F81-93C6-85B52B6DDA1C}"
EndProject
Project("{9A19103F-16F7-4668-BE54-9A1E7A4F7556}") = "Access Modifiers vasic", "try c#\Access Modifiers vasic\Access Modifiers vasic.csproj", "{F9E0B466-D2A6-449A-9E8C-DF1AF47333BD}"
EndProject
Global
	GlobalSection(SolutionConfigurationPlatforms) = preSolution
		Debug|Any CPU = Debug|Any CPU
		Release|Any CPU = Release|Any CPU
	EndGlobalSection
	GlobalSection(ProjectConfigurationPlatforms) = postSolution
		{F9E0B466-D2A6-449A-9E8C-DF1AF47333BD}.Debug|Any CPU.ActiveCfg = Debug|Any CPU
		{F9E0B466-D2A6-449A-9E8C-DF1AF47333BD}.Debug|Any CPU.Build.0 = Debug|Any CPU
		{F9E0B466-D2A6-449A-9E8C-DF1AF47333BD}.Release|Any CPU.ActiveCfg = Release|Any CPU
		{F9E0B466-D2A6-449A-9E8C-DF1AF47333BD}.Release|Any CPU.Build.0 = Release|Any CPU
	EndGlobalSection
	GlobalSection(SolutionProperties) = preSolution
		HideSolutionNode = FALSE
	EndGlobalSection
	GlobalSection(NestedProjects) = preSolution
		{F9E0B466-D2A6-449A-9E8C-DF1AF47333BD} = {63CF481B-EE30-4F81-93C6-85B52B6DDA1C}
	EndGlobalSection
	GlobalSection(ExtensibilityGlobals) = postSolution
		SolutionGuid = {04A8918C-138C-4157-A1EA-B99AF80B4D73}
	EndGlobalSection
EndGlobal
