
Microsoft Visual Studio Solution File, Format Version 12.00
# Visual Studio Version 17
VisualStudioVersion = 17.5.002.0
MinimumVisualStudioVersion = 10.0.40219.1
Project("{9A19103F-16F7-4668-BE54-9A1E7A4F7556}") = "Access Modifiers vasic", "Access Modifiers vasic\Access Modifiers vasic.csproj", "{1455B9D6-EEE8-452D-870B-CB8D61C42BE7}"
EndProject
Global
	GlobalSection(SolutionConfigurationPlatforms) = preSolution
		Debug|Any CPU = Debug|Any CPU
		Release|Any CPU = Release|Any CPU
	EndGlobalSection
	GlobalSection(ProjectConfigurationPlatforms) = postSolution
		{1455B9D6-EEE8-452D-870B-CB8D61C42BE7}.Debug|Any CPU.ActiveCfg = Debug|Any CPU
		{1455B9D6-EEE8-452D-870B-CB8D61C42BE7}.Debug|Any CPU.Build.0 = Debug|Any CPU
		{1455B9D6-EEE8-452D-870B-CB8D61C42BE7}.Release|Any CPU.ActiveCfg = Release|Any CPU
		{1455B9D6-EEE8-452D-870B-CB8D61C42BE7}.Release|Any CPU.Build.0 = Release|Any CPU
	EndGlobalSection
	GlobalSection(SolutionProperties) = preSolution
		HideSolutionNode = FALSE
	EndGlobalSection
	GlobalSection(ExtensibilityGlobals) = postSolution
		SolutionGuid = {C66271E2-F746-4922-B6B5-92B5DE6CD5FA}
	EndGlobalSection
EndGlobal
